// !$*UTF8*$!
{
	archiveVersion = 1;
	classes = {
	};
	objectVersion = 46;
	objects = {

/* Begin PBXBuildFile section */
		E767D78D1B4B08A300394A99 /* Ques10.cpp in Sources */ = {isa = PBXBuildFile; fileRef = E767D78B1B4B08A300394A99 /* Ques10.cpp */; };
		E767D7901B4B2ED800394A99 /* Ques11.cpp in Sources */ = {isa = PBXBuildFile; fileRef = E767D78E1B4B2ED800394A99 /* Ques11.cpp */; };
		E76DD2901B4749D100C2FDE5 /* Ques2.cpp in Sources */ = {isa = PBXBuildFile; fileRef = E76DD28E1B4749D100C2FDE5 /* Ques2.cpp */; };
		E76DD2931B47675A00C2FDE5 /* Ques3.cpp in Sources */ = {isa = PBXBuildFile; fileRef = E76DD2911B47675A00C2FDE5 /* Ques3.cpp */; };
		E76DD2961B47757400C2FDE5 /* Ques4.cpp in Sources */ = {isa = PBXBuildFile; fileRef = E76DD2941B47757400C2FDE5 /* Ques4.cpp */; };
		E76DD2991B47BB8400C2FDE5 /* Ques5.cpp in Sources */ = {isa = PBXBuildFile; fileRef = E76DD2971B47BB8400C2FDE5 /* Ques5.cpp */; };
		E7B4336B1B45101D0000ED42 /* main.cpp in Sources */ = {isa = PBXBuildFile; fileRef = E7B4336A1B45101D0000ED42 /* main.cpp */; };
		E7B433731B4510570000ED42 /* Ques1.cpp in Sources */ = {isa = PBXBuildFile; fileRef = E7B433711B4510570000ED42 /* Ques1.cpp */; };
		E7DE3E371B4BB570006A6C6E /* Ques12.cpp in Sources */ = {isa = PBXBuildFile; fileRef = E7DE3E351B4BB570006A6C6E /* Ques12.cpp */; };
		E7DE3E3A1B4BB6DB006A6C6E /* Ques13.cpp in Sources */ = {isa = PBXBuildFile; fileRef = E7DE3E381B4BB6DB006A6C6E /* Ques13.cpp */; };
		E7DE3E3D1B4BC3C3006A6C6E /* Ques14.cpp in Sources */ = {isa = PBXBuildFile; fileRef = E7DE3E3B1B4BC3C3006A6C6E /* Ques14.cpp */; };
		E7DE3E401B4BC3E2006A6C6E /* Ques15.cpp in Sources */ = {isa = PBXBuildFile; fileRef = E7DE3E3E1B4BC3E2006A6C6E /* Ques15.cpp */; };
		E7DE44501B492A5400F0193E /* Ques6.cpp in Sources */ = {isa = PBXBuildFile; fileRef = E7DE444E1B492A5400F0193E /* Ques6.cpp */; };
		E7DE44531B4A659A00F0193E /* Ques7.cpp in Sources */ = {isa = PBXBuildFile; fileRef = E7DE44511B4A659A00F0193E /* Ques7.cpp */; };
		E7DE44561B4A731B00F0193E /* Ques8.cpp in Sources */ = {isa = PBXBuildFile; fileRef = E7DE44541B4A731B00F0193E /* Ques8.cpp */; };
		E7DE44591B4A873000F0193E /* Ques9.cpp in Sources */ = {isa = PBXBuildFile; fileRef = E7DE44571B4A873000F0193E /* Ques9.cpp */; };
/* End PBXBuildFile section */

/* Begin PBXCopyFilesBuildPhase section */
		E7B433651B45101D0000ED42 /* CopyFiles */ = {
			isa = PBXCopyFilesBuildPhase;
			buildActionMask = 2147483647;
			dstPath = /usr/share/man/man1/;
			dstSubfolderSpec = 0;
			files = (
			);
			runOnlyForDeploymentPostprocessing = 1;
		};
/* End PBXCopyFilesBuildPhase section */

/* Begin PBXFileReference section */
		E767D78B1B4B08A300394A99 /* Ques10.cpp */ = {isa = PBXFileReference; fileEncoding = 4; lastKnownFileType = sourcecode.cpp.cpp; path = Ques10.cpp; sourceTree = "<group>"; };
		E767D78C1B4B08A300394A99 /* Ques10.h */ = {isa = PBXFileReference; fileEncoding = 4; lastKnownFileType = sourcecode.c.h; path = Ques10.h; sourceTree = "<group>"; };
		E767D78E1B4B2ED800394A99 /* Ques11.cpp */ = {isa = PBXFileReference; fileEncoding = 4; lastKnownFileType = sourcecode.cpp.cpp; path = Ques11.cpp; sourceTree = "<group>"; };
		E767D78F1B4B2ED800394A99 /* Ques11.h */ = {isa = PBXFileReference; fileEncoding = 4; lastKnownFileType = sourcecode.c.h; path = Ques11.h; sourceTree = "<group>"; };
		E76DD28E1B4749D100C2FDE5 /* Ques2.cpp */ = {isa = PBXFileReference; fileEncoding = 4; lastKnownFileType = sourcecode.cpp.cpp; path = Ques2.cpp; sourceTree = "<group>"; };
		E76DD28F1B4749D100C2FDE5 /* Ques2.h */ = {isa = PBXFileReference; fileEncoding = 4; lastKnownFileType = sourcecode.c.h; path = Ques2.h; sourceTree = "<group>"; };
		E76DD2911B47675A00C2FDE5 /* Ques3.cpp */ = {isa = PBXFileReference; fileEncoding = 4; lastKnownFileType = sourcecode.cpp.cpp; path = Ques3.cpp; sourceTree = "<group>"; };
		E76DD2921B47675A00C2FDE5 /* Ques3.h */ = {isa = PBXFileReference; fileEncoding = 4; lastKnownFileType = sourcecode.c.h; path = Ques3.h; sourceTree = "<group>"; };
		E76DD2941B47757400C2FDE5 /* Ques4.cpp */ = {isa = PBXFileReference; fileEncoding = 4; lastKnownFileType = sourcecode.cpp.cpp; path = Ques4.cpp; sourceTree = "<group>"; };
		E76DD2951B47757400C2FDE5 /* Ques4.h */ = {isa = PBXFileReference; fileEncoding = 4; lastKnownFileType = sourcecode.c.h; path = Ques4.h; sourceTree = "<group>"; };
		E76DD2971B47BB8400C2FDE5 /* Ques5.cpp */ = {isa = PBXFileReference; fileEncoding = 4; lastKnownFileType = sourcecode.cpp.cpp; path = Ques5.cpp; sourceTree = "<group>"; };
		E76DD2981B47BB8400C2FDE5 /* Ques5.h */ = {isa = PBXFileReference; fileEncoding = 4; lastKnownFileType = sourcecode.c.h; path = Ques5.h; sourceTree = "<group>"; };
		E7B433671B45101D0000ED42 /* ElementsChaOne */ = {isa = PBXFileReference; explicitFileType = "compiled.mach-o.executable"; includeInIndex = 0; path = ElementsChaOne; sourceTree = BUILT_PRODUCTS_DIR; };
		E7B4336A1B45101D0000ED42 /* main.cpp */ = {isa = PBXFileReference; lastKnownFileType = sourcecode.cpp.cpp; path = main.cpp; sourceTree = "<group>"; };
		E7B433711B4510570000ED42 /* Ques1.cpp */ = {isa = PBXFileReference; fileEncoding = 4; lastKnownFileType = sourcecode.cpp.cpp; path = Ques1.cpp; sourceTree = "<group>"; };
		E7B433721B4510570000ED42 /* Ques1.h */ = {isa = PBXFileReference; fileEncoding = 4; lastKnownFileType = sourcecode.c.h; path = Ques1.h; sourceTree = "<group>"; };
		E7DE3E351B4BB570006A6C6E /* Ques12.cpp */ = {isa = PBXFileReference; fileEncoding = 4; lastKnownFileType = sourcecode.cpp.cpp; path = Ques12.cpp; sourceTree = "<group>"; };
		E7DE3E361B4BB570006A6C6E /* Ques12.h */ = {isa = PBXFileReference; fileEncoding = 4; lastKnownFileType = sourcecode.c.h; path = Ques12.h; sourceTree = "<group>"; };
		E7DE3E381B4BB6DB006A6C6E /* Ques13.cpp */ = {isa = PBXFileReference; fileEncoding = 4; lastKnownFileType = sourcecode.cpp.cpp; path = Ques13.cpp; sourceTree = "<group>"; };
		E7DE3E391B4BB6DB006A6C6E /* Ques13.h */ = {isa = PBXFileReference; fileEncoding = 4; lastKnownFileType = sourcecode.c.h; path = Ques13.h; sourceTree = "<group>"; };
		E7DE3E3B1B4BC3C3006A6C6E /* Ques14.cpp */ = {isa = PBXFileReference; fileEncoding = 4; lastKnownFileType = sourcecode.cpp.cpp; path = Ques14.cpp; sourceTree = "<group>"; };
		E7DE3E3C1B4BC3C3006A6C6E /* Ques14.h */ = {isa = PBXFileReference; fileEncoding = 4; lastKnownFileType = sourcecode.c.h; path = Ques14.h; sourceTree = "<group>"; };
		E7DE3E3E1B4BC3E2006A6C6E /* Ques15.cpp */ = {isa = PBXFileReference; fileEncoding = 4; lastKnownFileType = sourcecode.cpp.cpp; path = Ques15.cpp; sourceTree = "<group>"; };
		E7DE3E3F1B4BC3E2006A6C6E /* Ques15.h */ = {isa = PBXFileReference; fileEncoding = 4; lastKnownFileType = sourcecode.c.h; path = Ques15.h; sourceTree = "<group>"; };
		E7DE444E1B492A5400F0193E /* Ques6.cpp */ = {isa = PBXFileReference; fileEncoding = 4; lastKnownFileType = sourcecode.cpp.cpp; path = Ques6.cpp; sourceTree = "<group>"; };
		E7DE444F1B492A5400F0193E /* Ques6.h */ = {isa = PBXFileReference; fileEncoding = 4; lastKnownFileType = sourcecode.c.h; path = Ques6.h; sourceTree = "<group>"; };
		E7DE44511B4A659A00F0193E /* Ques7.cpp */ = {isa = PBXFileReference; fileEncoding = 4; lastKnownFileType = sourcecode.cpp.cpp; path = Ques7.cpp; sourceTree = "<group>"; };
		E7DE44521B4A659A00F0193E /* Ques7.h */ = {isa = PBXFileReference; fileEncoding = 4; lastKnownFileType = sourcecode.c.h; path = Ques7.h; sourceTree = "<group>"; };
		E7DE44541B4A731B00F0193E /* Ques8.cpp */ = {isa = PBXFileReference; fileEncoding = 4; lastKnownFileType = sourcecode.cpp.cpp; path = Ques8.cpp; sourceTree = "<group>"; };
		E7DE44551B4A731B00F0193E /* Ques8.h */ = {isa = PBXFileReference; fileEncoding = 4; lastKnownFileType = sourcecode.c.h; path = Ques8.h; sourceTree = "<group>"; };
		E7DE44571B4A873000F0193E /* Ques9.cpp */ = {isa = PBXFileReference; fileEncoding = 4; lastKnownFileType = sourcecode.cpp.cpp; path = Ques9.cpp; sourceTree = "<group>"; };
		E7DE44581B4A873000F0193E /* Ques9.h */ = {isa = PBXFileReference; fileEncoding = 4; lastKnownFileType = sourcecode.c.h; path = Ques9.h; sourceTree = "<group>"; };
/* End PBXFileReference section */

/* Begin PBXFrameworksBuildPhase section */
		E7B433641B45101D0000ED42 /* Frameworks */ = {
			isa = PBXFrameworksBuildPhase;
			buildActionMask = 2147483647;
			files = (
			);
			runOnlyForDeploymentPostprocessing = 0;
		};
/* End PBXFrameworksBuildPhase section */

/* Begin PBXGroup section */
		E7B4335E1B45101D0000ED42 = {
			isa = PBXGroup;
			children = (
				E7B433691B45101D0000ED42 /* ElementsChaOne */,
				E7B433681B45101D0000ED42 /* Products */,
			);
			sourceTree = "<group>";
		};
		E7B433681B45101D0000ED42 /* Products */ = {
			isa = PBXGroup;
			children = (
				E7B433671B45101D0000ED42 /* ElementsChaOne */,
			);
			name = Products;
			sourceTree = "<group>";
		};
		E7B433691B45101D0000ED42 /* ElementsChaOne */ = {
			isa = PBXGroup;
			children = (
				E7B4336A1B45101D0000ED42 /* main.cpp */,
				E7DE3E3E1B4BC3E2006A6C6E /* Ques15.cpp */,
				E7DE3E3F1B4BC3E2006A6C6E /* Ques15.h */,
				E7DE3E381B4BB6DB006A6C6E /* Ques13.cpp */,
				E7DE3E391B4BB6DB006A6C6E /* Ques13.h */,
				E7DE3E351B4BB570006A6C6E /* Ques12.cpp */,
				E7DE3E361B4BB570006A6C6E /* Ques12.h */,
				E7DE3E3B1B4BC3C3006A6C6E /* Ques14.cpp */,
				E7DE3E3C1B4BC3C3006A6C6E /* Ques14.h */,
				E7DE44571B4A873000F0193E /* Ques9.cpp */,
				E7DE44581B4A873000F0193E /* Ques9.h */,
				E767D78E1B4B2ED800394A99 /* Ques11.cpp */,
				E767D78F1B4B2ED800394A99 /* Ques11.h */,
				E7DE44541B4A731B00F0193E /* Ques8.cpp */,
				E7DE44551B4A731B00F0193E /* Ques8.h */,
				E7DE44511B4A659A00F0193E /* Ques7.cpp */,
				E7DE44521B4A659A00F0193E /* Ques7.h */,
				E76DD2941B47757400C2FDE5 /* Ques4.cpp */,
				E76DD2951B47757400C2FDE5 /* Ques4.h */,
				E7B433711B4510570000ED42 /* Ques1.cpp */,
				E7B433721B4510570000ED42 /* Ques1.h */,
				E767D78B1B4B08A300394A99 /* Ques10.cpp */,
				E767D78C1B4B08A300394A99 /* Ques10.h */,
				E7DE444E1B492A5400F0193E /* Ques6.cpp */,
				E7DE444F1B492A5400F0193E /* Ques6.h */,
				E76DD28E1B4749D100C2FDE5 /* Ques2.cpp */,
				E76DD28F1B4749D100C2FDE5 /* Ques2.h */,
				E76DD2911B47675A00C2FDE5 /* Ques3.cpp */,
				E76DD2921B47675A00C2FDE5 /* Ques3.h */,
				E76DD2971B47BB8400C2FDE5 /* Ques5.cpp */,
				E76DD2981B47BB8400C2FDE5 /* Ques5.h */,
			);
			path = ElementsChaOne;
			sourceTree = "<group>";
		};
/* End PBXGroup section */

/* Begin PBXNativeTarget section */
		E7B433661B45101D0000ED42 /* ElementsChaOne */ = {
			isa = PBXNativeTarget;
			buildConfigurationList = E7B4336E1B45101D0000ED42 /* Build configuration list for PBXNativeTarget "ElementsChaOne" */;
			buildPhases = (
				E7B433631B45101D0000ED42 /* Sources */,
				E7B433641B45101D0000ED42 /* Frameworks */,
				E7B433651B45101D0000ED42 /* CopyFiles */,
			);
			buildRules = (
			);
			dependencies = (
			);
			name = ElementsChaOne;
			productName = ElementsChaOne;
			productReference = E7B433671B45101D0000ED42 /* ElementsChaOne */;
			productType = "com.apple.product-type.tool";
		};
/* End PBXNativeTarget section */

/* Begin PBXProject section */
		E7B4335F1B45101D0000ED42 /* Project object */ = {
			isa = PBXProject;
			attributes = {
				LastUpgradeCheck = 0630;
				ORGANIZATIONNAME = OzanAsan;
				TargetAttributes = {
					E7B433661B45101D0000ED42 = {
						CreatedOnToolsVersion = 6.3.2;
					};
				};
			};
			buildConfigurationList = E7B433621B45101D0000ED42 /* Build configuration list for PBXProject "ElementsChaOne" */;
			compatibilityVersion = "Xcode 3.2";
			developmentRegion = English;
			hasScannedForEncodings = 0;
			knownRegions = (
				en,
			);
			mainGroup = E7B4335E1B45101D0000ED42;
			productRefGroup = E7B433681B45101D0000ED42 /* Products */;
			projectDirPath = "";
			projectRoot = "";
			targets = (
				E7B433661B45101D0000ED42 /* ElementsChaOne */,
			);
		};
/* End PBXProject section */

/* Begin PBXSourcesBuildPhase section */
		E7B433631B45101D0000ED42 /* Sources */ = {
			isa = PBXSourcesBuildPhase;
			buildActionMask = 2147483647;
			files = (
				E76DD2901B4749D100C2FDE5 /* Ques2.cpp in Sources */,
				E7DE44591B4A873000F0193E /* Ques9.cpp in Sources */,
				E76DD2961B47757400C2FDE5 /* Ques4.cpp in Sources */,
				E7B4336B1B45101D0000ED42 /* main.cpp in Sources */,
				E7DE44561B4A731B00F0193E /* Ques8.cpp in Sources */,
				E76DD2991B47BB8400C2FDE5 /* Ques5.cpp in Sources */,
				E7B433731B4510570000ED42 /* Ques1.cpp in Sources */,
				E7DE3E3D1B4BC3C3006A6C6E /* Ques14.cpp in Sources */,
				E767D7901B4B2ED800394A99 /* Ques11.cpp in Sources */,
				E767D78D1B4B08A300394A99 /* Ques10.cpp in Sources */,
				E76DD2931B47675A00C2FDE5 /* Ques3.cpp in Sources */,
				E7DE44501B492A5400F0193E /* Ques6.cpp in Sources */,
				E7DE44531B4A659A00F0193E /* Ques7.cpp in Sources */,
				E7DE3E371B4BB570006A6C6E /* Ques12.cpp in Sources */,
				E7DE3E3A1B4BB6DB006A6C6E /* Ques13.cpp in Sources */,
				E7DE3E401B4BC3E2006A6C6E /* Ques15.cpp in Sources */,
			);
			runOnlyForDeploymentPostprocessing = 0;
		};
/* End PBXSourcesBuildPhase section */

/* Begin XCBuildConfiguration section */
		E7B4336C1B45101D0000ED42 /* Debug */ = {
			isa = XCBuildConfiguration;
			buildSettings = {
				ALWAYS_SEARCH_USER_PATHS = NO;
				CLANG_CXX_LANGUAGE_STANDARD = "gnu++0x";
				CLANG_CXX_LIBRARY = "libc++";
				CLANG_ENABLE_MODULES = YES;
				CLANG_ENABLE_OBJC_ARC = YES;
				CLANG_WARN_BOOL_CONVERSION = YES;
				CLANG_WARN_CONSTANT_CONVERSION = YES;
				CLANG_WARN_DIRECT_OBJC_ISA_USAGE = YES_ERROR;
				CLANG_WARN_EMPTY_BODY = YES;
				CLANG_WARN_ENUM_CONVERSION = YES;
				CLANG_WARN_INT_CONVERSION = YES;
				CLANG_WARN_OBJC_ROOT_CLASS = YES_ERROR;
				CLANG_WARN_UNREACHABLE_CODE = YES;
				CLANG_WARN__DUPLICATE_METHOD_MATCH = YES;
				COPY_PHASE_STRIP = NO;
				DEBUG_INFORMATION_FORMAT = dwarf;
				ENABLE_STRICT_OBJC_MSGSEND = YES;
				GCC_C_LANGUAGE_STANDARD = gnu99;
				GCC_DYNAMIC_NO_PIC = NO;
				GCC_NO_COMMON_BLOCKS = YES;
				GCC_OPTIMIZATION_LEVEL = 0;
				GCC_PREPROCESSOR_DEFINITIONS = (
					"DEBUG=1",
					"$(inherited)",
				);
				GCC_SYMBOLS_PRIVATE_EXTERN = NO;
				GCC_WARN_64_TO_32_BIT_CONVERSION = YES;
				GCC_WARN_ABOUT_RETURN_TYPE = YES_ERROR;
				GCC_WARN_UNDECLARED_SELECTOR = YES;
				GCC_WARN_UNINITIALIZED_AUTOS = YES_AGGRESSIVE;
				GCC_WARN_UNUSED_FUNCTION = YES;
				GCC_WARN_UNUSED_VARIABLE = YES;
				MACOSX_DEPLOYMENT_TARGET = 10.10;
				MTL_ENABLE_DEBUG_INFO = YES;
				ONLY_ACTIVE_ARCH = YES;
				SDKROOT = macosx;
			};
			name = Debug;
		};
		E7B4336D1B45101D0000ED42 /* Release */ = {
			isa = XCBuildConfiguration;
			buildSettings = {
				ALWAYS_SEARCH_USER_PATHS = NO;
				CLANG_CXX_LANGUAGE_STANDARD = "gnu++0x";
				CLANG_CXX_LIBRARY = "libc++";
				CLANG_ENABLE_MODULES = YES;
				CLANG_ENABLE_OBJC_ARC = YES;
				CLANG_WARN_BOOL_CONVERSION = YES;
				CLANG_WARN_CONSTANT_CONVERSION = YES;
				CLANG_WARN_DIRECT_OBJC_ISA_USAGE = YES_ERROR;
				CLANG_WARN_EMPTY_BODY = YES;
				CLANG_WARN_ENUM_CONVERSION = YES;
				CLANG_WARN_INT_CONVERSION = YES;
				CLANG_WARN_OBJC_ROOT_CLASS = YES_ERROR;
				CLANG_WARN_UNREACHABLE_CODE = YES;
				CLANG_WARN__DUPLICATE_METHOD_MATCH = YES;
				COPY_PHASE_STRIP = NO;
				DEBUG_INFORMATION_FORMAT = "dwarf-with-dsym";
				ENABLE_NS_ASSERTIONS = NO;
				ENABLE_STRICT_OBJC_MSGSEND = YES;
				GCC_C_LANGUAGE_STANDARD = gnu99;
				GCC_NO_COMMON_BLOCKS = YES;
				GCC_WARN_64_TO_32_BIT_CONVERSION = YES;
				GCC_WARN_ABOUT_RETURN_TYPE = YES_ERROR;
				GCC_WARN_UNDECLARED_SELECTOR = YES;
				GCC_WARN_UNINITIALIZED_AUTOS = YES_AGGRESSIVE;
				GCC_WARN_UNUSED_FUNCTION = YES;
				GCC_WARN_UNUSED_VARIABLE = YES;
				MACOSX_DEPLOYMENT_TARGET = 10.10;
				MTL_ENABLE_DEBUG_INFO = NO;
				SDKROOT = macosx;
			};
			name = Release;
		};
		E7B4336F1B45101D0000ED42 /* Debug */ = {
			isa = XCBuildConfiguration;
			buildSettings = {
				PRODUCT_NAME = "$(TARGET_NAME)";
			};
			name = Debug;
		};
		E7B433701B45101D0000ED42 /* Release */ = {
			isa = XCBuildConfiguration;
			buildSettings = {
				PRODUCT_NAME = "$(TARGET_NAME)";
			};
			name = Release;
		};
/* End XCBuildConfiguration section */

/* Begin XCConfigurationList section */
		E7B433621B45101D0000ED42 /* Build configuration list for PBXProject "ElementsChaOne" */ = {
			isa = XCConfigurationList;
			buildConfigurations = (
				E7B4336C1B45101D0000ED42 /* Debug */,
				E7B4336D1B45101D0000ED42 /* Release */,
			);
			defaultConfigurationIsVisible = 0;
			defaultConfigurationName = Release;
		};
		E7B4336E1B45101D0000ED42 /* Build configuration list for PBXNativeTarget "ElementsChaOne" */ = {
			isa = XCConfigurationList;
			buildConfigurations = (
				E7B4336F1B45101D0000ED42 /* Debug */,
				E7B433701B45101D0000ED42 /* Release */,
			);
			defaultConfigurationIsVisible = 0;
			defaultConfigurationName = Release;
		};
/* End XCConfigurationList section */
	};
	rootObject = E7B4335F1B45101D0000ED42 /* Project object */;
}
